// !$*UTF8*$!
{
	archiveVersion = 1;
	classes = {
	};
	objectVersion = 56;
	objects = {

/* Begin PBXBuildFile section */
		5BA74B352121C85BDC510698 /* amplifyconfiguration.json in Resources */ = {isa = PBXBuildFile; fileRef = FF1C8BB59F636EDCCC7E2F90 /* amplifyconfiguration.json */; };
		9902A5372AC262C7003E2A74 /* Comment.swift in Sources */ = {isa = PBXBuildFile; fileRef = 9902A5362AC262C7003E2A74 /* Comment.swift */; };
		9902A53A2AC3510D003E2A74 /* CommentData.swift in Sources */ = {isa = PBXBuildFile; fileRef = 9902A5392AC3510D003E2A74 /* CommentData.swift */; };
		990B8C052AB8E8FF00A2E794 /* SceneKitView.swift in Sources */ = {isa = PBXBuildFile; fileRef = 990B8C042AB8E8FF00A2E794 /* SceneKitView.swift */; };
		990D3D992AA2930800E8488E /* ForgotPasswordView.swift in Sources */ = {isa = PBXBuildFile; fileRef = 990D3D982AA2930800E8488E /* ForgotPasswordView.swift */; };
		9914FCB72AC388E0006E629C /* UserData.swift in Sources */ = {isa = PBXBuildFile; fileRef = 9914FCB62AC388E0006E629C /* UserData.swift */; };
		9923CD242ABF5E280044B02F /* HomeTabViewModel.swift in Sources */ = {isa = PBXBuildFile; fileRef = 9923CD232ABF5E280044B02F /* HomeTabViewModel.swift */; };
		9923CD262ABF865C0044B02F /* APIService.swift in Sources */ = {isa = PBXBuildFile; fileRef = 9923CD252ABF865C0044B02F /* APIService.swift */; };
		9941DC202A93F02100215948 /* JOYSTIQApp.swift in Sources */ = {isa = PBXBuildFile; fileRef = 9941DC1F2A93F02100215948 /* JOYSTIQApp.swift */; };
		9941DC242A93F02300215948 /* Assets.xcassets in Resources */ = {isa = PBXBuildFile; fileRef = 9941DC232A93F02300215948 /* Assets.xcassets */; };
		9941DC272A93F02300215948 /* Preview Assets.xcassets in Resources */ = {isa = PBXBuildFile; fileRef = 9941DC262A93F02300215948 /* Preview Assets.xcassets */; };
		9941DC5F2A93F6F000215948 /* NotificationTabView.swift in Sources */ = {isa = PBXBuildFile; fileRef = 9941DC3B2A93F6F000215948 /* NotificationTabView.swift */; };
		9941DC602A93F6F000215948 /* HomeTabView.swift in Sources */ = {isa = PBXBuildFile; fileRef = 9941DC3C2A93F6F000215948 /* HomeTabView.swift */; };
		9941DC622A93F6F000215948 /* UserBannerPostView.swift in Sources */ = {isa = PBXBuildFile; fileRef = 9941DC3E2A93F6F000215948 /* UserBannerPostView.swift */; };
		9941DC632A93F6F000215948 /* InteractionButtonMenu.swift in Sources */ = {isa = PBXBuildFile; fileRef = 9941DC3F2A93F6F000215948 /* InteractionButtonMenu.swift */; };
		9941DC642A93F6F000215948 /* AppView.swift in Sources */ = {isa = PBXBuildFile; fileRef = 9941DC402A93F6F000215948 /* AppView.swift */; };
		9941DC652A93F6F000215948 /* LeaderboardBanners.swift in Sources */ = {isa = PBXBuildFile; fileRef = 9941DC422A93F6F000215948 /* LeaderboardBanners.swift */; };
		9941DC662A93F6F000215948 /* LeaderboardTabView.swift in Sources */ = {isa = PBXBuildFile; fileRef = 9941DC432A93F6F000215948 /* LeaderboardTabView.swift */; };
		9941DC672A93F6F000215948 /* SceneKitExtras.swift in Sources */ = {isa = PBXBuildFile; fileRef = 9941DC452A93F6F000215948 /* SceneKitExtras.swift */; };
		9941DC682A93F6F000215948 /* ProfileTabView.swift in Sources */ = {isa = PBXBuildFile; fileRef = 9941DC462A93F6F000215948 /* ProfileTabView.swift */; };
		9941DC692A93F6F000215948 /* AccoladeBanner.swift in Sources */ = {isa = PBXBuildFile; fileRef = 9941DC472A93F6F000215948 /* AccoladeBanner.swift */; };
		9941DC6A2A93F6F000215948 /* ConnectTabView.swift in Sources */ = {isa = PBXBuildFile; fileRef = 9941DC492A93F6F000215948 /* ConnectTabView.swift */; };
		9941DC6B2A93F6F000215948 /* CreatePostView.swift in Sources */ = {isa = PBXBuildFile; fileRef = 9941DC4B2A93F6F000215948 /* CreatePostView.swift */; };
		9941DC6E2A93F6F000215948 /* NewClipPostView.swift in Sources */ = {isa = PBXBuildFile; fileRef = 9941DC4E2A93F6F000215948 /* NewClipPostView.swift */; };
		9941DC6F2A93F6F000215948 /* NewDiscPostView.swift in Sources */ = {isa = PBXBuildFile; fileRef = 9941DC4F2A93F6F000215948 /* NewDiscPostView.swift */; };
		9941DC702A93F6F000215948 /* LikeButton.swift in Sources */ = {isa = PBXBuildFile; fileRef = 9941DC512A93F6F000215948 /* LikeButton.swift */; };
		9941DC712A93F6F000215948 /* NotiView.swift in Sources */ = {isa = PBXBuildFile; fileRef = 9941DC522A93F6F000215948 /* NotiView.swift */; };
		9941DC722A93F6F000215948 /* CommentButton.swift in Sources */ = {isa = PBXBuildFile; fileRef = 9941DC532A93F6F000215948 /* CommentButton.swift */; };
		9941DC732A93F6F000215948 /* PostContentView.swift in Sources */ = {isa = PBXBuildFile; fileRef = 9941DC542A93F6F000215948 /* PostContentView.swift */; };
		9941DC742A93F6F000215948 /* CommentView.swift in Sources */ = {isa = PBXBuildFile; fileRef = 9941DC552A93F6F000215948 /* CommentView.swift */; };
		9941DC762A93F6F000215948 /* ContentFilter.swift in Sources */ = {isa = PBXBuildFile; fileRef = 9941DC592A93F6F000215948 /* ContentFilter.swift */; };
		9941DC772A93F6F000215948 /* LeaderboardContentFilter.swift in Sources */ = {isa = PBXBuildFile; fileRef = 9941DC5A2A93F6F000215948 /* LeaderboardContentFilter.swift */; };
		9941DC782A93F6F000215948 /* HeaderView.swift in Sources */ = {isa = PBXBuildFile; fileRef = 9941DC5B2A93F6F000215948 /* HeaderView.swift */; };
		9941DC792A93F6F000215948 /* Triangle.swift in Sources */ = {isa = PBXBuildFile; fileRef = 9941DC5C2A93F6F000215948 /* Triangle.swift */; };
		9941DC7C2A93F80F00215948 /* SceneKit.framework in Frameworks */ = {isa = PBXBuildFile; fileRef = 9941DC7B2A93F80F00215948 /* SceneKit.framework */; };
		995085DB2A95A4DD003996B6 /* AWSCognitoAuthPlugin in Frameworks */ = {isa = PBXBuildFile; productRef = 995085DA2A95A4DD003996B6 /* AWSCognitoAuthPlugin */; };
		995085DD2A95A4DD003996B6 /* AWSS3StoragePlugin in Frameworks */ = {isa = PBXBuildFile; productRef = 995085DC2A95A4DD003996B6 /* AWSS3StoragePlugin */; };
		995085DF2A95A4DD003996B6 /* Amplify in Frameworks */ = {isa = PBXBuildFile; productRef = 995085DE2A95A4DD003996B6 /* Amplify */; };
		995085E22A95A6AE003996B6 /* AuthService.swift in Sources */ = {isa = PBXBuildFile; fileRef = 995085E12A95A6AE003996B6 /* AuthService.swift */; };
		995085E52A95A73D003996B6 /* TextColoring.swift in Sources */ = {isa = PBXBuildFile; fileRef = 995085E42A95A73D003996B6 /* TextColoring.swift */; };
		995085E82A95A805003996B6 /* LoginView.swift in Sources */ = {isa = PBXBuildFile; fileRef = 995085E72A95A805003996B6 /* LoginView.swift */; };
		995085EA2A95A817003996B6 /* SignUpView.swift in Sources */ = {isa = PBXBuildFile; fileRef = 995085E92A95A817003996B6 /* SignUpView.swift */; };
		995085EC2A95A82D003996B6 /* ConfirmSignUpView.swift in Sources */ = {isa = PBXBuildFile; fileRef = 995085EB2A95A82D003996B6 /* ConfirmSignUpView.swift */; };
		996C9CF72AA50A9A001693BF /* DropDown2.swift in Sources */ = {isa = PBXBuildFile; fileRef = 996C9CF62AA50A9A001693BF /* DropDown2.swift */; };
		997062B32ABB6036005596A3 /* SceneKitView2.swift in Sources */ = {isa = PBXBuildFile; fileRef = 997062B22ABB6036005596A3 /* SceneKitView2.swift */; };
		997062D22ABB8293005596A3 /* SkinToneSwitcherView.swift in Sources */ = {isa = PBXBuildFile; fileRef = 997062D12ABB8293005596A3 /* SkinToneSwitcherView.swift */; };
		997062D52ABB862F005596A3 /* EnvironmentSwitcherView.swift in Sources */ = {isa = PBXBuildFile; fileRef = 997062D42ABB862F005596A3 /* EnvironmentSwitcherView.swift */; };
		997062D72ABB8BFE005596A3 /* CamTest6.usdc in Resources */ = {isa = PBXBuildFile; fileRef = 997062D62ABB8BFE005596A3 /* CamTest6.usdc */; };
		997062D92ABBB298005596A3 /* HexColorConverter.swift in Sources */ = {isa = PBXBuildFile; fileRef = 997062D82ABBB298005596A3 /* HexColorConverter.swift */; };
		9989F68A2AB39E4000A1B6F2 /* NeumorphicButtons.swift in Sources */ = {isa = PBXBuildFile; fileRef = 9989F6892AB39E4000A1B6F2 /* NeumorphicButtons.swift */; };
		9989F6922AB3B1DC00A1B6F2 /* WardrobeView.swift in Sources */ = {isa = PBXBuildFile; fileRef = 9989F6912AB3B1DC00A1B6F2 /* WardrobeView.swift */; };
		9989F6942AB3B26500A1B6F2 /* ProfileView.swift in Sources */ = {isa = PBXBuildFile; fileRef = 9989F6932AB3B26500A1B6F2 /* ProfileView.swift */; };
		999B69F32AAA666D00A48299 /* VideoPlayerTESTS.swift in Sources */ = {isa = PBXBuildFile; fileRef = 999B69F22AAA666D00A48299 /* VideoPlayerTESTS.swift */; };
		99A5C1512AAE68BA00CDD4AD /* RoundedCorner.swift in Sources */ = {isa = PBXBuildFile; fileRef = 99A5C1502AAE68BA00CDD4AD /* RoundedCorner.swift */; };
		99A5C1532AAE6DD300CDD4AD /* ProfileSettingsView.swift in Sources */ = {isa = PBXBuildFile; fileRef = 99A5C1522AAE6DD300CDD4AD /* ProfileSettingsView.swift */; };
		99A9F3C72AB7E246000F27E5 /* SceneKitView6.swift in Sources */ = {isa = PBXBuildFile; fileRef = 99A9F3C62AB7E246000F27E5 /* SceneKitView6.swift */; };
		99ADA6092ABFBA5900FB5524 /* PantSwitcherView.swift in Sources */ = {isa = PBXBuildFile; fileRef = 99ADA6082ABFBA5900FB5524 /* PantSwitcherView.swift */; };
		99ADA60B2ABFC42000FB5524 /* ShoeSwitcherView.swift in Sources */ = {isa = PBXBuildFile; fileRef = 99ADA60A2ABFC42000FB5524 /* ShoeSwitcherView.swift */; };
		99D8B79C2AB126D600733B73 /* ResetPasswordView.swift in Sources */ = {isa = PBXBuildFile; fileRef = 990D3D9A2AA2946800E8488E /* ResetPasswordView.swift */; };
		99E2F67A2AA7B5D1000117FA /* CommentSection2.swift in Sources */ = {isa = PBXBuildFile; fileRef = 99E2F6792AA7B5D1000117FA /* CommentSection2.swift */; };
		99EA3DEF2AC21A950011908F /* AvatarNodes in Resources */ = {isa = PBXBuildFile; fileRef = 99EA3DEE2AC21A950011908F /* AvatarNodes */; };
		99EA3DF22AC223050011908F /* ComingSoonView.swift in Sources */ = {isa = PBXBuildFile; fileRef = 99EA3DF12AC223050011908F /* ComingSoonView.swift */; };
		99F590E62AB223FE00AD5F8C /* FeedbackService.swift in Sources */ = {isa = PBXBuildFile; fileRef = 99D8B79A2AB11ECE00733B73 /* FeedbackService.swift */; };
		99F590EB2AB230AB00AD5F8C /* MediaPicker.swift in Sources */ = {isa = PBXBuildFile; fileRef = 99F590EA2AB230AB00AD5F8C /* MediaPicker.swift */; };
		99F590EC2AB4D10100AD5F8C /* S3Service.swift in Sources */ = {isa = PBXBuildFile; fileRef = 99D8B7982AB119AC00733B73 /* S3Service.swift */; };
		99F590F52ABA3A1500AD5F8C /* PostData.swift in Sources */ = {isa = PBXBuildFile; fileRef = 99F590F42ABA3A1500AD5F8C /* PostData.swift */; };
		99F590F82ABA3A7C00AD5F8C /* Post.swift in Sources */ = {isa = PBXBuildFile; fileRef = 99F590F72ABA3A7C00AD5F8C /* Post.swift */; };
		99F590FA2ABA4AB300AD5F8C /* Enums.swift in Sources */ = {isa = PBXBuildFile; fileRef = 99F590F92ABA4AB300AD5F8C /* Enums.swift */; };
		99F590FB2ABA514200AD5F8C /* LeaderboardTabView.swift in Sources */ = {isa = PBXBuildFile; fileRef = 9941DC432A93F6F000215948 /* LeaderboardTabView.swift */; };
		99F590FD2ABA7A6F00AD5F8C /* LaunchScreen.swift in Sources */ = {isa = PBXBuildFile; fileRef = 99F590FC2ABA7A6F00AD5F8C /* LaunchScreen.swift */; };
		99F590FF2ABA82B400AD5F8C /* LaunchScreen.storyboard in Resources */ = {isa = PBXBuildFile; fileRef = 99F590FE2ABA82B400AD5F8C /* LaunchScreen.storyboard */; };
		99F591052ABB8E1400AD5F8C /* DiscPostView.swift in Sources */ = {isa = PBXBuildFile; fileRef = 9941DC4D2A93F6F000215948 /* DiscPostView.swift */; };
		99F591082ABCAD0B00AD5F8C /* User.swift in Sources */ = {isa = PBXBuildFile; fileRef = 99F591072ABCAD0B00AD5F8C /* User.swift */; };
		99FD29ED2ABCEB100049AAFA /* HairSwitcherView.swift in Sources */ = {isa = PBXBuildFile; fileRef = 99FD29EC2ABCEB100049AAFA /* HairSwitcherView.swift */; };
		99FD29EF2ABCEC830049AAFA /* ShirtSwitcherView.swift in Sources */ = {isa = PBXBuildFile; fileRef = 99FD29EE2ABCEC830049AAFA /* ShirtSwitcherView.swift */; };
		C06F0009DB0FE1BB54A28EE9 /* awsconfiguration.json in Resources */ = {isa = PBXBuildFile; fileRef = 39D9CB767C6C314984A7DBD4 /* awsconfiguration.json */; };
/* End PBXBuildFile section */

/* Begin PBXFileReference section */
		39D9CB767C6C314984A7DBD4 /* awsconfiguration.json */ = {isa = PBXFileReference; explicitFileType = text.json; path = awsconfiguration.json; sourceTree = "<group>"; };
		9902A5362AC262C7003E2A74 /* Comment.swift */ = {isa = PBXFileReference; lastKnownFileType = sourcecode.swift; path = Comment.swift; sourceTree = "<group>"; };
		9902A5392AC3510D003E2A74 /* CommentData.swift */ = {isa = PBXFileReference; lastKnownFileType = sourcecode.swift; path = CommentData.swift; sourceTree = "<group>"; };
		990B8C042AB8E8FF00A2E794 /* SceneKitView.swift */ = {isa = PBXFileReference; fileEncoding = 4; lastKnownFileType = sourcecode.swift; path = SceneKitView.swift; sourceTree = "<group>"; };
		990D3D982AA2930800E8488E /* ForgotPasswordView.swift */ = {isa = PBXFileReference; lastKnownFileType = sourcecode.swift; path = ForgotPasswordView.swift; sourceTree = "<group>"; };
		990D3D9A2AA2946800E8488E /* ResetPasswordView.swift */ = {isa = PBXFileReference; lastKnownFileType = sourcecode.swift; path = ResetPasswordView.swift; sourceTree = "<group>"; };
		9914FCB62AC388E0006E629C /* UserData.swift */ = {isa = PBXFileReference; lastKnownFileType = sourcecode.swift; path = UserData.swift; sourceTree = "<group>"; };
		9923CD232ABF5E280044B02F /* HomeTabViewModel.swift */ = {isa = PBXFileReference; lastKnownFileType = sourcecode.swift; path = HomeTabViewModel.swift; sourceTree = "<group>"; };
		9923CD252ABF865C0044B02F /* APIService.swift */ = {isa = PBXFileReference; lastKnownFileType = sourcecode.swift; path = APIService.swift; sourceTree = "<group>"; };
		9941DC1C2A93F02100215948 /* JOYSTIQ.app */ = {isa = PBXFileReference; explicitFileType = wrapper.application; includeInIndex = 0; path = JOYSTIQ.app; sourceTree = BUILT_PRODUCTS_DIR; };
		9941DC1F2A93F02100215948 /* JOYSTIQApp.swift */ = {isa = PBXFileReference; lastKnownFileType = sourcecode.swift; path = JOYSTIQApp.swift; sourceTree = "<group>"; };
		9941DC232A93F02300215948 /* Assets.xcassets */ = {isa = PBXFileReference; lastKnownFileType = folder.assetcatalog; path = Assets.xcassets; sourceTree = "<group>"; };
		9941DC262A93F02300215948 /* Preview Assets.xcassets */ = {isa = PBXFileReference; lastKnownFileType = folder.assetcatalog; path = "Preview Assets.xcassets"; sourceTree = "<group>"; };
		9941DC3B2A93F6F000215948 /* NotificationTabView.swift */ = {isa = PBXFileReference; fileEncoding = 4; lastKnownFileType = sourcecode.swift; path = NotificationTabView.swift; sourceTree = "<group>"; };
		9941DC3C2A93F6F000215948 /* HomeTabView.swift */ = {isa = PBXFileReference; fileEncoding = 4; lastKnownFileType = sourcecode.swift; path = HomeTabView.swift; sourceTree = "<group>"; wrapsLines = 0; };
		9941DC3E2A93F6F000215948 /* UserBannerPostView.swift */ = {isa = PBXFileReference; fileEncoding = 4; lastKnownFileType = sourcecode.swift; path = UserBannerPostView.swift; sourceTree = "<group>"; };
		9941DC3F2A93F6F000215948 /* InteractionButtonMenu.swift */ = {isa = PBXFileReference; fileEncoding = 4; lastKnownFileType = sourcecode.swift; path = InteractionButtonMenu.swift; sourceTree = "<group>"; };
		9941DC402A93F6F000215948 /* AppView.swift */ = {isa = PBXFileReference; fileEncoding = 4; lastKnownFileType = sourcecode.swift; path = AppView.swift; sourceTree = "<group>"; };
		9941DC422A93F6F000215948 /* LeaderboardBanners.swift */ = {isa = PBXFileReference; fileEncoding = 4; lastKnownFileType = sourcecode.swift; path = LeaderboardBanners.swift; sourceTree = "<group>"; };
		9941DC432A93F6F000215948 /* LeaderboardTabView.swift */ = {isa = PBXFileReference; fileEncoding = 4; lastKnownFileType = sourcecode.swift; path = LeaderboardTabView.swift; sourceTree = "<group>"; };
		9941DC452A93F6F000215948 /* SceneKitExtras.swift */ = {isa = PBXFileReference; fileEncoding = 4; lastKnownFileType = sourcecode.swift; path = SceneKitExtras.swift; sourceTree = "<group>"; };
		9941DC462A93F6F000215948 /* ProfileTabView.swift */ = {isa = PBXFileReference; fileEncoding = 4; lastKnownFileType = sourcecode.swift; path = ProfileTabView.swift; sourceTree = "<group>"; };
		9941DC472A93F6F000215948 /* AccoladeBanner.swift */ = {isa = PBXFileReference; fileEncoding = 4; lastKnownFileType = sourcecode.swift; path = AccoladeBanner.swift; sourceTree = "<group>"; };
		9941DC492A93F6F000215948 /* ConnectTabView.swift */ = {isa = PBXFileReference; fileEncoding = 4; lastKnownFileType = sourcecode.swift; path = ConnectTabView.swift; sourceTree = "<group>"; };
		9941DC4B2A93F6F000215948 /* CreatePostView.swift */ = {isa = PBXFileReference; fileEncoding = 4; lastKnownFileType = sourcecode.swift; path = CreatePostView.swift; sourceTree = "<group>"; };
		9941DC4D2A93F6F000215948 /* DiscPostView.swift */ = {isa = PBXFileReference; fileEncoding = 4; lastKnownFileType = sourcecode.swift; path = DiscPostView.swift; sourceTree = "<group>"; };
		9941DC4E2A93F6F000215948 /* NewClipPostView.swift */ = {isa = PBXFileReference; fileEncoding = 4; lastKnownFileType = sourcecode.swift; path = NewClipPostView.swift; sourceTree = "<group>"; };
		9941DC4F2A93F6F000215948 /* NewDiscPostView.swift */ = {isa = PBXFileReference; fileEncoding = 4; lastKnownFileType = sourcecode.swift; path = NewDiscPostView.swift; sourceTree = "<group>"; };
		9941DC512A93F6F000215948 /* LikeButton.swift */ = {isa = PBXFileReference; fileEncoding = 4; lastKnownFileType = sourcecode.swift; path = LikeButton.swift; sourceTree = "<group>"; };
		9941DC522A93F6F000215948 /* NotiView.swift */ = {isa = PBXFileReference; fileEncoding = 4; lastKnownFileType = sourcecode.swift; path = NotiView.swift; sourceTree = "<group>"; };
		9941DC532A93F6F000215948 /* CommentButton.swift */ = {isa = PBXFileReference; fileEncoding = 4; lastKnownFileType = sourcecode.swift; path = CommentButton.swift; sourceTree = "<group>"; };
		9941DC542A93F6F000215948 /* PostContentView.swift */ = {isa = PBXFileReference; fileEncoding = 4; lastKnownFileType = sourcecode.swift; path = PostContentView.swift; sourceTree = "<group>"; };
		9941DC552A93F6F000215948 /* CommentView.swift */ = {isa = PBXFileReference; fileEncoding = 4; lastKnownFileType = sourcecode.swift; path = CommentView.swift; sourceTree = "<group>"; };
		9941DC592A93F6F000215948 /* ContentFilter.swift */ = {isa = PBXFileReference; fileEncoding = 4; lastKnownFileType = sourcecode.swift; path = ContentFilter.swift; sourceTree = "<group>"; };
		9941DC5A2A93F6F000215948 /* LeaderboardContentFilter.swift */ = {isa = PBXFileReference; fileEncoding = 4; lastKnownFileType = sourcecode.swift; path = LeaderboardContentFilter.swift; sourceTree = "<group>"; };
		9941DC5B2A93F6F000215948 /* HeaderView.swift */ = {isa = PBXFileReference; fileEncoding = 4; lastKnownFileType = sourcecode.swift; path = HeaderView.swift; sourceTree = "<group>"; };
		9941DC5C2A93F6F000215948 /* Triangle.swift */ = {isa = PBXFileReference; fileEncoding = 4; lastKnownFileType = sourcecode.swift; path = Triangle.swift; sourceTree = "<group>"; };
		9941DC7B2A93F80F00215948 /* SceneKit.framework */ = {isa = PBXFileReference; lastKnownFileType = wrapper.framework; name = SceneKit.framework; path = System/Library/Frameworks/SceneKit.framework; sourceTree = SDKROOT; };
		995085E12A95A6AE003996B6 /* AuthService.swift */ = {isa = PBXFileReference; lastKnownFileType = sourcecode.swift; path = AuthService.swift; sourceTree = "<group>"; };
		995085E42A95A73D003996B6 /* TextColoring.swift */ = {isa = PBXFileReference; lastKnownFileType = sourcecode.swift; path = TextColoring.swift; sourceTree = "<group>"; };
		995085E72A95A805003996B6 /* LoginView.swift */ = {isa = PBXFileReference; lastKnownFileType = sourcecode.swift; path = LoginView.swift; sourceTree = "<group>"; };
		995085E92A95A817003996B6 /* SignUpView.swift */ = {isa = PBXFileReference; lastKnownFileType = sourcecode.swift; path = SignUpView.swift; sourceTree = "<group>"; };
		995085EB2A95A82D003996B6 /* ConfirmSignUpView.swift */ = {isa = PBXFileReference; lastKnownFileType = sourcecode.swift; path = ConfirmSignUpView.swift; sourceTree = "<group>"; };
		996C9CF62AA50A9A001693BF /* DropDown2.swift */ = {isa = PBXFileReference; lastKnownFileType = sourcecode.swift; path = DropDown2.swift; sourceTree = "<group>"; };
		997062B22ABB6036005596A3 /* SceneKitView2.swift */ = {isa = PBXFileReference; fileEncoding = 4; lastKnownFileType = sourcecode.swift; name = SceneKitView2.swift; path = ../../Proflile/AvatarViews/SceneKitView2.swift; sourceTree = "<group>"; };
		997062D12ABB8293005596A3 /* SkinToneSwitcherView.swift */ = {isa = PBXFileReference; lastKnownFileType = sourcecode.swift; path = SkinToneSwitcherView.swift; sourceTree = "<group>"; };
		997062D42ABB862F005596A3 /* EnvironmentSwitcherView.swift */ = {isa = PBXFileReference; lastKnownFileType = sourcecode.swift; path = EnvironmentSwitcherView.swift; sourceTree = "<group>"; };
		997062D62ABB8BFE005596A3 /* CamTest6.usdc */ = {isa = PBXFileReference; lastKnownFileType = file; path = CamTest6.usdc; sourceTree = "<group>"; };
		997062D82ABBB298005596A3 /* HexColorConverter.swift */ = {isa = PBXFileReference; lastKnownFileType = sourcecode.swift; path = HexColorConverter.swift; sourceTree = "<group>"; };
		9989F6892AB39E4000A1B6F2 /* NeumorphicButtons.swift */ = {isa = PBXFileReference; lastKnownFileType = sourcecode.swift; path = NeumorphicButtons.swift; sourceTree = "<group>"; };
		9989F6912AB3B1DC00A1B6F2 /* WardrobeView.swift */ = {isa = PBXFileReference; lastKnownFileType = sourcecode.swift; path = WardrobeView.swift; sourceTree = "<group>"; };
		9989F6932AB3B26500A1B6F2 /* ProfileView.swift */ = {isa = PBXFileReference; lastKnownFileType = sourcecode.swift; path = ProfileView.swift; sourceTree = "<group>"; };
		999B69F22AAA666D00A48299 /* VideoPlayerTESTS.swift */ = {isa = PBXFileReference; lastKnownFileType = sourcecode.swift; path = VideoPlayerTESTS.swift; sourceTree = "<group>"; };
		99A5C1502AAE68BA00CDD4AD /* RoundedCorner.swift */ = {isa = PBXFileReference; lastKnownFileType = sourcecode.swift; path = RoundedCorner.swift; sourceTree = "<group>"; };
		99A5C1522AAE6DD300CDD4AD /* ProfileSettingsView.swift */ = {isa = PBXFileReference; lastKnownFileType = sourcecode.swift; path = ProfileSettingsView.swift; sourceTree = "<group>"; };
		99A9F3C62AB7E246000F27E5 /* SceneKitView6.swift */ = {isa = PBXFileReference; fileEncoding = 4; lastKnownFileType = sourcecode.swift; path = SceneKitView6.swift; sourceTree = "<group>"; };
		99ADA6082ABFBA5900FB5524 /* PantSwitcherView.swift */ = {isa = PBXFileReference; lastKnownFileType = sourcecode.swift; path = PantSwitcherView.swift; sourceTree = "<group>"; };
		99ADA60A2ABFC42000FB5524 /* ShoeSwitcherView.swift */ = {isa = PBXFileReference; lastKnownFileType = sourcecode.swift; path = ShoeSwitcherView.swift; sourceTree = "<group>"; };
		99D8B7982AB119AC00733B73 /* S3Service.swift */ = {isa = PBXFileReference; lastKnownFileType = sourcecode.swift; path = S3Service.swift; sourceTree = "<group>"; };
		99D8B79A2AB11ECE00733B73 /* FeedbackService.swift */ = {isa = PBXFileReference; lastKnownFileType = sourcecode.swift; path = FeedbackService.swift; sourceTree = "<group>"; };
		99E2F6792AA7B5D1000117FA /* CommentSection2.swift */ = {isa = PBXFileReference; lastKnownFileType = sourcecode.swift; path = CommentSection2.swift; sourceTree = "<group>"; };
		99EA3DEE2AC21A950011908F /* AvatarNodes */ = {isa = PBXFileReference; lastKnownFileType = folder; path = AvatarNodes; sourceTree = "<group>"; };
		99EA3DF12AC223050011908F /* ComingSoonView.swift */ = {isa = PBXFileReference; lastKnownFileType = sourcecode.swift; path = ComingSoonView.swift; sourceTree = "<group>"; };
		99F590EA2AB230AB00AD5F8C /* MediaPicker.swift */ = {isa = PBXFileReference; lastKnownFileType = sourcecode.swift; path = MediaPicker.swift; sourceTree = "<group>"; };
		99F590ED2AB627F800AD5F8C /* AVPlayerView.swift */ = {isa = PBXFileReference; lastKnownFileType = sourcecode.swift; path = AVPlayerView.swift; sourceTree = "<group>"; };
		99F590F42ABA3A1500AD5F8C /* PostData.swift */ = {isa = PBXFileReference; lastKnownFileType = sourcecode.swift; path = PostData.swift; sourceTree = "<group>"; };
		99F590F72ABA3A7C00AD5F8C /* Post.swift */ = {isa = PBXFileReference; lastKnownFileType = sourcecode.swift; path = Post.swift; sourceTree = "<group>"; };
		99F590F92ABA4AB300AD5F8C /* Enums.swift */ = {isa = PBXFileReference; lastKnownFileType = sourcecode.swift; path = Enums.swift; sourceTree = "<group>"; };
		99F590FC2ABA7A6F00AD5F8C /* LaunchScreen.swift */ = {isa = PBXFileReference; lastKnownFileType = sourcecode.swift; path = LaunchScreen.swift; sourceTree = "<group>"; wrapsLines = 0; };
		99F590FE2ABA82B400AD5F8C /* LaunchScreen.storyboard */ = {isa = PBXFileReference; fileEncoding = 4; lastKnownFileType = file.storyboard; path = LaunchScreen.storyboard; sourceTree = "<group>"; };
		99F591072ABCAD0B00AD5F8C /* User.swift */ = {isa = PBXFileReference; lastKnownFileType = sourcecode.swift; path = User.swift; sourceTree = "<group>"; };
		99FD29EC2ABCEB100049AAFA /* HairSwitcherView.swift */ = {isa = PBXFileReference; lastKnownFileType = sourcecode.swift; path = HairSwitcherView.swift; sourceTree = "<group>"; };
		99FD29EE2ABCEC830049AAFA /* ShirtSwitcherView.swift */ = {isa = PBXFileReference; lastKnownFileType = sourcecode.swift; path = ShirtSwitcherView.swift; sourceTree = "<group>"; };
		FF1C8BB59F636EDCCC7E2F90 /* amplifyconfiguration.json */ = {isa = PBXFileReference; explicitFileType = text.json; path = amplifyconfiguration.json; sourceTree = "<group>"; };
/* End PBXFileReference section */

/* Begin PBXFrameworksBuildPhase section */
		9941DC192A93F02100215948 /* Frameworks */ = {
			isa = PBXFrameworksBuildPhase;
			buildActionMask = 2147483647;
			files = (
				9941DC7C2A93F80F00215948 /* SceneKit.framework in Frameworks */,
				995085DF2A95A4DD003996B6 /* Amplify in Frameworks */,
				995085DB2A95A4DD003996B6 /* AWSCognitoAuthPlugin in Frameworks */,
				995085DD2A95A4DD003996B6 /* AWSS3StoragePlugin in Frameworks */,
			);
			runOnlyForDeploymentPostprocessing = 0;
		};
/* End PBXFrameworksBuildPhase section */

/* Begin PBXGroup section */
		50A8F028F539BD12FEF5CD88 /* AmplifyConfig */ = {
			isa = PBXGroup;
			children = (
				39D9CB767C6C314984A7DBD4 /* awsconfiguration.json */,
				FF1C8BB59F636EDCCC7E2F90 /* amplifyconfiguration.json */,
			);
			name = AmplifyConfig;
			sourceTree = "<group>";
		};
		9902A5382AC350FC003E2A74 /* CommentModels */ = {
			isa = PBXGroup;
			children = (
				9902A5362AC262C7003E2A74 /* Comment.swift */,
				9902A5392AC3510D003E2A74 /* CommentData.swift */,
			);
			path = CommentModels;
			sourceTree = "<group>";
		};
		9941DC132A93F02100215948 = {
			isa = PBXGroup;
			children = (
				99EA3DEE2AC21A950011908F /* AvatarNodes */,
				997062D62ABB8BFE005596A3 /* CamTest6.usdc */,
				9941DC1E2A93F02100215948 /* JOYSTIQ */,
				9941DC1D2A93F02100215948 /* Products */,
				9941DC7A2A93F80E00215948 /* Frameworks */,
				50A8F028F539BD12FEF5CD88 /* AmplifyConfig */,
			);
			sourceTree = "<group>";
		};
		9941DC1D2A93F02100215948 /* Products */ = {
			isa = PBXGroup;
			children = (
				9941DC1C2A93F02100215948 /* JOYSTIQ.app */,
			);
			name = Products;
			sourceTree = "<group>";
		};
		9941DC1E2A93F02100215948 /* JOYSTIQ */ = {
			isa = PBXGroup;
			children = (
				9941DC1F2A93F02100215948 /* JOYSTIQApp.swift */,
				995085E02A95A690003996B6 /* Services */,
				99F590F12ABA39ED00AD5F8C /* Models */,
				995085E32A95A72B003996B6 /* Extensions */,
				9941DC372A93F6F000215948 /* View */,
				99F590E92AB2309000AD5F8C /* Util */,
				9941DC232A93F02300215948 /* Assets.xcassets */,
				99F590FE2ABA82B400AD5F8C /* LaunchScreen.storyboard */,
				99F590FC2ABA7A6F00AD5F8C /* LaunchScreen.swift */,
				9941DC252A93F02300215948 /* Preview Content */,
			);
			path = JOYSTIQ;
			sourceTree = "<group>";
		};
		9941DC252A93F02300215948 /* Preview Content */ = {
			isa = PBXGroup;
			children = (
				9941DC262A93F02300215948 /* Preview Assets.xcassets */,
			);
			path = "Preview Content";
			sourceTree = "<group>";
		};
		9941DC372A93F6F000215948 /* View */ = {
			isa = PBXGroup;
			children = (
				9941DC402A93F6F000215948 /* AppView.swift */,
				995085E62A95A7F4003996B6 /* Authentication */,
				9941DC382A93F6F000215948 /* Home */,
				9941DC412A93F6F000215948 /* Leaderboard */,
				9941DC442A93F6F000215948 /* Proflile */,
				9941DC482A93F6F000215948 /* Connect */,
				9941DC4A2A93F6F000215948 /* CreatePostViews */,
				9941DC582A93F6F000215948 /* Extras */,
			);
			path = View;
			sourceTree = "<group>";
		};
		9941DC382A93F6F000215948 /* Home */ = {
			isa = PBXGroup;
			children = (
				9941DC5B2A93F6F000215948 /* HeaderView.swift */,
				9941DC3C2A93F6F000215948 /* HomeTabView.swift */,
				996C9CF62AA50A9A001693BF /* DropDown2.swift */,
				99C65B2B2AA3C79700FC2188 /* NotificationPanel */,
				99C65B2A2AA3C75600FC2188 /* CommentSection */,
				99C65B292AA3C72100FC2188 /* PostViews */,
			);
			path = Home;
			sourceTree = "<group>";
		};
		9941DC412A93F6F000215948 /* Leaderboard */ = {
			isa = PBXGroup;
			children = (
				9941DC432A93F6F000215948 /* LeaderboardTabView.swift */,
				9941DC422A93F6F000215948 /* LeaderboardBanners.swift */,
			);
			path = Leaderboard;
			sourceTree = "<group>";
		};
		9941DC442A93F6F000215948 /* Proflile */ = {
			isa = PBXGroup;
			children = (
				9941DC462A93F6F000215948 /* ProfileTabView.swift */,
				99EA3DF02AC222F30011908F /* ButtonViews */,
				99799EB22ABA7EAB00713F3A /* AvatarViews */,
				9989F6902AB3B12E00A1B6F2 /* Testing */,
				9941DC472A93F6F000215948 /* AccoladeBanner.swift */,
				99A5C1522AAE6DD300CDD4AD /* ProfileSettingsView.swift */,
			);
			path = Proflile;
			sourceTree = "<group>";
		};
		9941DC482A93F6F000215948 /* Connect */ = {
			isa = PBXGroup;
			children = (
				9941DC492A93F6F000215948 /* ConnectTabView.swift */,
			);
			path = Connect;
			sourceTree = "<group>";
		};
		9941DC4A2A93F6F000215948 /* CreatePostViews */ = {
			isa = PBXGroup;
			children = (
				9941DC4B2A93F6F000215948 /* CreatePostView.swift */,
				9941DC4D2A93F6F000215948 /* DiscPostView.swift */,
				9941DC4E2A93F6F000215948 /* NewClipPostView.swift */,
				9941DC4F2A93F6F000215948 /* NewDiscPostView.swift */,
			);
			path = CreatePostViews;
			sourceTree = "<group>";
		};
		9941DC582A93F6F000215948 /* Extras */ = {
			isa = PBXGroup;
			children = (
				9941DC592A93F6F000215948 /* ContentFilter.swift */,
				9941DC5A2A93F6F000215948 /* LeaderboardContentFilter.swift */,
			);
			path = Extras;
			sourceTree = "<group>";
		};
		9941DC7A2A93F80E00215948 /* Frameworks */ = {
			isa = PBXGroup;
			children = (
				9941DC7B2A93F80F00215948 /* SceneKit.framework */,
			);
			name = Frameworks;
			sourceTree = "<group>";
		};
		995085E02A95A690003996B6 /* Services */ = {
			isa = PBXGroup;
			children = (
				9923CD252ABF865C0044B02F /* APIService.swift */,
				995085E12A95A6AE003996B6 /* AuthService.swift */,
				99D8B79A2AB11ECE00733B73 /* FeedbackService.swift */,
				99D8B7982AB119AC00733B73 /* S3Service.swift */,
			);
			path = Services;
			sourceTree = "<group>";
		};
		995085E32A95A72B003996B6 /* Extensions */ = {
			isa = PBXGroup;
			children = (
				99A5C1502AAE68BA00CDD4AD /* RoundedCorner.swift */,
				995085E42A95A73D003996B6 /* TextColoring.swift */,
				9941DC5C2A93F6F000215948 /* Triangle.swift */,
				9989F6892AB39E4000A1B6F2 /* NeumorphicButtons.swift */,
				997062D82ABBB298005596A3 /* HexColorConverter.swift */,
			);
			path = Extensions;
			sourceTree = "<group>";
		};
		995085E62A95A7F4003996B6 /* Authentication */ = {
			isa = PBXGroup;
			children = (
				995085E72A95A805003996B6 /* LoginView.swift */,
				995085E92A95A817003996B6 /* SignUpView.swift */,
				995085EB2A95A82D003996B6 /* ConfirmSignUpView.swift */,
				990D3D982AA2930800E8488E /* ForgotPasswordView.swift */,
				990D3D9A2AA2946800E8488E /* ResetPasswordView.swift */,
			);
			path = Authentication;
			sourceTree = "<group>";
		};
		997062D02ABB827F005596A3 /* WardrobeViews */ = {
			isa = PBXGroup;
			children = (
				9989F6912AB3B1DC00A1B6F2 /* WardrobeView.swift */,
				997062D12ABB8293005596A3 /* SkinToneSwitcherView.swift */,
				997062D42ABB862F005596A3 /* EnvironmentSwitcherView.swift */,
				99FD29EC2ABCEB100049AAFA /* HairSwitcherView.swift */,
				99FD29EE2ABCEC830049AAFA /* ShirtSwitcherView.swift */,
				99ADA6082ABFBA5900FB5524 /* PantSwitcherView.swift */,
				99ADA60A2ABFC42000FB5524 /* ShoeSwitcherView.swift */,
			);
			path = WardrobeViews;
			sourceTree = "<group>";
		};
		99799EB22ABA7EAB00713F3A /* AvatarViews */ = {
			isa = PBXGroup;
			children = (
				990B8C042AB8E8FF00A2E794 /* SceneKitView.swift */,
				9941DC452A93F6F000215948 /* SceneKitExtras.swift */,
				997062D02ABB827F005596A3 /* WardrobeViews */,
			);
			path = AvatarViews;
			sourceTree = "<group>";
		};
		9989F6902AB3B12E00A1B6F2 /* Testing */ = {
			isa = PBXGroup;
			children = (
				997062B22ABB6036005596A3 /* SceneKitView2.swift */,
				9989F6932AB3B26500A1B6F2 /* ProfileView.swift */,
				99A9F3C62AB7E246000F27E5 /* SceneKitView6.swift */,
			);
			name = Testing;
			path = ../Extras/Testing;
			sourceTree = "<group>";
		};
		99C65B292AA3C72100FC2188 /* PostViews */ = {
			isa = PBXGroup;
			children = (
				9941DC3E2A93F6F000215948 /* UserBannerPostView.swift */,
				9941DC542A93F6F000215948 /* PostContentView.swift */,
				9941DC3F2A93F6F000215948 /* InteractionButtonMenu.swift */,
				9941DC532A93F6F000215948 /* CommentButton.swift */,
				9941DC512A93F6F000215948 /* LikeButton.swift */,
				999B69F22AAA666D00A48299 /* VideoPlayerTESTS.swift */,
			);
			path = PostViews;
			sourceTree = "<group>";
		};
		99C65B2A2AA3C75600FC2188 /* CommentSection */ = {
			isa = PBXGroup;
			children = (
				9941DC552A93F6F000215948 /* CommentView.swift */,
				99E2F6792AA7B5D1000117FA /* CommentSection2.swift */,
			);
			path = CommentSection;
			sourceTree = "<group>";
		};
		99C65B2B2AA3C79700FC2188 /* NotificationPanel */ = {
			isa = PBXGroup;
			children = (
				9941DC3B2A93F6F000215948 /* NotificationTabView.swift */,
				9941DC522A93F6F000215948 /* NotiView.swift */,
			);
			path = NotificationPanel;
			sourceTree = "<group>";
		};
		99EA3DF02AC222F30011908F /* ButtonViews */ = {
			isa = PBXGroup;
			children = (
				99EA3DF12AC223050011908F /* ComingSoonView.swift */,
			);
			path = ButtonViews;
			sourceTree = "<group>";
		};
		99F590E92AB2309000AD5F8C /* Util */ = {
			isa = PBXGroup;
			children = (
				99F590EA2AB230AB00AD5F8C /* MediaPicker.swift */,
				99F590ED2AB627F800AD5F8C /* AVPlayerView.swift */,
			);
			path = Util;
			sourceTree = "<group>";
		};
		99F590F12ABA39ED00AD5F8C /* Models */ = {
			isa = PBXGroup;
			children = (
				9902A5382AC350FC003E2A74 /* CommentModels */,
				99F591062ABCAD0100AD5F8C /* UserModels */,
				99F590F62ABA3A2900AD5F8C /* PostModels */,
				99F590F92ABA4AB300AD5F8C /* Enums.swift */,
				9923CD232ABF5E280044B02F /* HomeTabViewModel.swift */,
			);
			path = Models;
			sourceTree = "<group>";
		};
		99F590F62ABA3A2900AD5F8C /* PostModels */ = {
			isa = PBXGroup;
			children = (
				99F590F72ABA3A7C00AD5F8C /* Post.swift */,
				99F590F42ABA3A1500AD5F8C /* PostData.swift */,
			);
			path = PostModels;
			sourceTree = "<group>";
		};
		99F591062ABCAD0100AD5F8C /* UserModels */ = {
			isa = PBXGroup;
			children = (
				99F591072ABCAD0B00AD5F8C /* User.swift */,
				9914FCB62AC388E0006E629C /* UserData.swift */,
			);
			path = UserModels;
			sourceTree = "<group>";
		};
/* End PBXGroup section */

/* Begin PBXNativeTarget section */
		9941DC1B2A93F02100215948 /* JOYSTIQ */ = {
			isa = PBXNativeTarget;
			buildConfigurationList = 9941DC2A2A93F02300215948 /* Build configuration list for PBXNativeTarget "JOYSTIQ" */;
			buildPhases = (
				9941DC182A93F02100215948 /* Sources */,
				9941DC192A93F02100215948 /* Frameworks */,
				9941DC1A2A93F02100215948 /* Resources */,
			);
			buildRules = (
			);
			dependencies = (
			);
			name = JOYSTIQ;
			packageProductDependencies = (
				995085DA2A95A4DD003996B6 /* AWSCognitoAuthPlugin */,
				995085DC2A95A4DD003996B6 /* AWSS3StoragePlugin */,
				995085DE2A95A4DD003996B6 /* Amplify */,
			);
			productName = JOYSTIQ;
			productReference = 9941DC1C2A93F02100215948 /* JOYSTIQ.app */;
			productType = "com.apple.product-type.application";
		};
/* End PBXNativeTarget section */

/* Begin PBXProject section */
		9941DC142A93F02100215948 /* Project object */ = {
			isa = PBXProject;
			attributes = {
				BuildIndependentTargetsInParallel = 1;
				LastSwiftUpdateCheck = 1430;
				LastUpgradeCheck = 1430;
				TargetAttributes = {
					9941DC1B2A93F02100215948 = {
						CreatedOnToolsVersion = 14.3.1;
					};
				};
			};
			buildConfigurationList = 9941DC172A93F02100215948 /* Build configuration list for PBXProject "JOYSTIQ" */;
			compatibilityVersion = "Xcode 14.0";
			developmentRegion = en;
			hasScannedForEncodings = 0;
			knownRegions = (
				en,
				Base,
			);
			mainGroup = 9941DC132A93F02100215948;
			packageReferences = (
				995085D92A95A4DD003996B6 /* XCRemoteSwiftPackageReference "amplify-swift" */,
			);
			productRefGroup = 9941DC1D2A93F02100215948 /* Products */;
			projectDirPath = "";
			projectRoot = "";
			targets = (
				9941DC1B2A93F02100215948 /* JOYSTIQ */,
			);
		};
/* End PBXProject section */

/* Begin PBXResourcesBuildPhase section */
		9941DC1A2A93F02100215948 /* Resources */ = {
			isa = PBXResourcesBuildPhase;
			buildActionMask = 2147483647;
			files = (
				99EA3DEF2AC21A950011908F /* AvatarNodes in Resources */,
				997062D72ABB8BFE005596A3 /* CamTest6.usdc in Resources */,
				9941DC272A93F02300215948 /* Preview Assets.xcassets in Resources */,
				9941DC242A93F02300215948 /* Assets.xcassets in Resources */,
				99F590FF2ABA82B400AD5F8C /* LaunchScreen.storyboard in Resources */,
				C06F0009DB0FE1BB54A28EE9 /* awsconfiguration.json in Resources */,
				5BA74B352121C85BDC510698 /* amplifyconfiguration.json in Resources */,
			);
			runOnlyForDeploymentPostprocessing = 0;
		};
/* End PBXResourcesBuildPhase section */

/* Begin PBXSourcesBuildPhase section */
		9941DC182A93F02100215948 /* Sources */ = {
			isa = PBXSourcesBuildPhase;
			buildActionMask = 2147483647;
			files = (
				99FD29EF2ABCEC830049AAFA /* ShirtSwitcherView.swift in Sources */,
				9941DC682A93F6F000215948 /* ProfileTabView.swift in Sources */,
				990B8C052AB8E8FF00A2E794 /* SceneKitView.swift in Sources */,
				9989F68A2AB39E4000A1B6F2 /* NeumorphicButtons.swift in Sources */,
				99EA3DF22AC223050011908F /* ComingSoonView.swift in Sources */,
				9902A5372AC262C7003E2A74 /* Comment.swift in Sources */,
				995085E22A95A6AE003996B6 /* AuthService.swift in Sources */,
				99F590E62AB223FE00AD5F8C /* FeedbackService.swift in Sources */,
				997062D22ABB8293005596A3 /* SkinToneSwitcherView.swift in Sources */,
				999B69F32AAA666D00A48299 /* VideoPlayerTESTS.swift in Sources */,
				9941DC722A93F6F000215948 /* CommentButton.swift in Sources */,
				996C9CF72AA50A9A001693BF /* DropDown2.swift in Sources */,
				99F591052ABB8E1400AD5F8C /* DiscPostView.swift in Sources */,
				9914FCB72AC388E0006E629C /* UserData.swift in Sources */,
				99A5C1512AAE68BA00CDD4AD /* RoundedCorner.swift in Sources */,
				9941DC5F2A93F6F000215948 /* NotificationTabView.swift in Sources */,
				99F590EB2AB230AB00AD5F8C /* MediaPicker.swift in Sources */,
				9941DC632A93F6F000215948 /* InteractionButtonMenu.swift in Sources */,
				9941DC622A93F6F000215948 /* UserBannerPostView.swift in Sources */,
				9941DC652A93F6F000215948 /* LeaderboardBanners.swift in Sources */,
				9989F6942AB3B26500A1B6F2 /* ProfileView.swift in Sources */,
				9902A53A2AC3510D003E2A74 /* CommentData.swift in Sources */,
				990D3D992AA2930800E8488E /* ForgotPasswordView.swift in Sources */,
				9941DC672A93F6F000215948 /* SceneKitExtras.swift in Sources */,
				9941DC202A93F02100215948 /* JOYSTIQApp.swift in Sources */,
				9941DC602A93F6F000215948 /* HomeTabView.swift in Sources */,
				9941DC772A93F6F000215948 /* LeaderboardContentFilter.swift in Sources */,
				99F590F52ABA3A1500AD5F8C /* PostData.swift in Sources */,
				995085EC2A95A82D003996B6 /* ConfirmSignUpView.swift in Sources */,
				995085EA2A95A817003996B6 /* SignUpView.swift in Sources */,
				9923CD242ABF5E280044B02F /* HomeTabViewModel.swift in Sources */,
				9941DC762A93F6F000215948 /* ContentFilter.swift in Sources */,
				99F591082ABCAD0B00AD5F8C /* User.swift in Sources */,
				99F590FA2ABA4AB300AD5F8C /* Enums.swift in Sources */,
				99ADA60B2ABFC42000FB5524 /* ShoeSwitcherView.swift in Sources */,
				9941DC792A93F6F000215948 /* Triangle.swift in Sources */,
				99F590FD2ABA7A6F00AD5F8C /* LaunchScreen.swift in Sources */,
				99ADA6092ABFBA5900FB5524 /* PantSwitcherView.swift in Sources */,
				995085E52A95A73D003996B6 /* TextColoring.swift in Sources */,
				997062D92ABBB298005596A3 /* HexColorConverter.swift in Sources */,
				9941DC732A93F6F000215948 /* PostContentView.swift in Sources */,
				99A5C1532AAE6DD300CDD4AD /* ProfileSettingsView.swift in Sources */,
				9941DC742A93F6F000215948 /* CommentView.swift in Sources */,
				99A9F3C72AB7E246000F27E5 /* SceneKitView6.swift in Sources */,
				9941DC6A2A93F6F000215948 /* ConnectTabView.swift in Sources */,
				9941DC702A93F6F000215948 /* LikeButton.swift in Sources */,
				9941DC692A93F6F000215948 /* AccoladeBanner.swift in Sources */,
				9941DC642A93F6F000215948 /* AppView.swift in Sources */,
				9941DC6B2A93F6F000215948 /* CreatePostView.swift in Sources */,
				99FD29ED2ABCEB100049AAFA /* HairSwitcherView.swift in Sources */,
				9941DC662A93F6F000215948 /* LeaderboardTabView.swift in Sources */,
				99E2F67A2AA7B5D1000117FA /* CommentSection2.swift in Sources */,
				99F590F82ABA3A7C00AD5F8C /* Post.swift in Sources */,
				9941DC6F2A93F6F000215948 /* NewDiscPostView.swift in Sources */,
				9941DC782A93F6F000215948 /* HeaderView.swift in Sources */,
				99F590FB2ABA514200AD5F8C /* LeaderboardTabView.swift in Sources */,
				9923CD262ABF865C0044B02F /* APIService.swift in Sources */,
				99D8B79C2AB126D600733B73 /* ResetPasswordView.swift in Sources */,
				997062B32ABB6036005596A3 /* SceneKitView2.swift in Sources */,
				9941DC712A93F6F000215948 /* NotiView.swift in Sources */,
				997062D52ABB862F005596A3 /* EnvironmentSwitcherView.swift in Sources */,
				99F590EC2AB4D10100AD5F8C /* S3Service.swift in Sources */,
				995085E82A95A805003996B6 /* LoginView.swift in Sources */,
				9989F6922AB3B1DC00A1B6F2 /* WardrobeView.swift in Sources */,
				9941DC6E2A93F6F000215948 /* NewClipPostView.swift in Sources */,
			);
			runOnlyForDeploymentPostprocessing = 0;
		};
/* End PBXSourcesBuildPhase section */

/* Begin XCBuildConfiguration section */
		9941DC282A93F02300215948 /* Debug */ = {
			isa = XCBuildConfiguration;
			buildSettings = {
				ALWAYS_SEARCH_USER_PATHS = NO;
				CLANG_ANALYZER_NONNULL = YES;
				CLANG_ANALYZER_NUMBER_OBJECT_CONVERSION = YES_AGGRESSIVE;
				CLANG_CXX_LANGUAGE_STANDARD = "gnu++20";
				CLANG_ENABLE_MODULES = YES;
				CLANG_ENABLE_OBJC_ARC = YES;
				CLANG_ENABLE_OBJC_WEAK = YES;
				CLANG_WARN_BLOCK_CAPTURE_AUTORELEASING = YES;
				CLANG_WARN_BOOL_CONVERSION = YES;
				CLANG_WARN_COMMA = YES;
				CLANG_WARN_CONSTANT_CONVERSION = YES;
				CLANG_WARN_DEPRECATED_OBJC_IMPLEMENTATIONS = YES;
				CLANG_WARN_DIRECT_OBJC_ISA_USAGE = YES_ERROR;
				CLANG_WARN_DOCUMENTATION_COMMENTS = YES;
				CLANG_WARN_EMPTY_BODY = YES;
				CLANG_WARN_ENUM_CONVERSION = YES;
				CLANG_WARN_INFINITE_RECURSION = YES;
				CLANG_WARN_INT_CONVERSION = YES;
				CLANG_WARN_NON_LITERAL_NULL_CONVERSION = YES;
				CLANG_WARN_OBJC_IMPLICIT_RETAIN_SELF = YES;
				CLANG_WARN_OBJC_LITERAL_CONVERSION = YES;
				CLANG_WARN_OBJC_ROOT_CLASS = YES_ERROR;
				CLANG_WARN_QUOTED_INCLUDE_IN_FRAMEWORK_HEADER = YES;
				CLANG_WARN_RANGE_LOOP_ANALYSIS = YES;
				CLANG_WARN_STRICT_PROTOTYPES = YES;
				CLANG_WARN_SUSPICIOUS_MOVE = YES;
				CLANG_WARN_UNGUARDED_AVAILABILITY = YES_AGGRESSIVE;
				CLANG_WARN_UNREACHABLE_CODE = YES;
				CLANG_WARN__DUPLICATE_METHOD_MATCH = YES;
				COPY_PHASE_STRIP = NO;
				DEBUG_INFORMATION_FORMAT = dwarf;
				ENABLE_STRICT_OBJC_MSGSEND = YES;
				ENABLE_TESTABILITY = YES;
				GCC_C_LANGUAGE_STANDARD = gnu11;
				GCC_DYNAMIC_NO_PIC = NO;
				GCC_NO_COMMON_BLOCKS = YES;
				GCC_OPTIMIZATION_LEVEL = 0;
				GCC_PREPROCESSOR_DEFINITIONS = (
					"DEBUG=1",
					"$(inherited)",
				);
				GCC_WARN_64_TO_32_BIT_CONVERSION = YES;
				GCC_WARN_ABOUT_RETURN_TYPE = YES_ERROR;
				GCC_WARN_UNDECLARED_SELECTOR = YES;
				GCC_WARN_UNINITIALIZED_AUTOS = YES_AGGRESSIVE;
				GCC_WARN_UNUSED_FUNCTION = YES;
				GCC_WARN_UNUSED_VARIABLE = YES;
				IPHONEOS_DEPLOYMENT_TARGET = 16.4;
				MTL_ENABLE_DEBUG_INFO = INCLUDE_SOURCE;
				MTL_FAST_MATH = YES;
				ONLY_ACTIVE_ARCH = YES;
				SDKROOT = iphoneos;
				SWIFT_ACTIVE_COMPILATION_CONDITIONS = DEBUG;
				SWIFT_OPTIMIZATION_LEVEL = "-Onone";
			};
			name = Debug;
		};
		9941DC292A93F02300215948 /* Release */ = {
			isa = XCBuildConfiguration;
			buildSettings = {
				ALWAYS_SEARCH_USER_PATHS = NO;
				CLANG_ANALYZER_NONNULL = YES;
				CLANG_ANALYZER_NUMBER_OBJECT_CONVERSION = YES_AGGRESSIVE;
				CLANG_CXX_LANGUAGE_STANDARD = "gnu++20";
				CLANG_ENABLE_MODULES = YES;
				CLANG_ENABLE_OBJC_ARC = YES;
				CLANG_ENABLE_OBJC_WEAK = YES;
				CLANG_WARN_BLOCK_CAPTURE_AUTORELEASING = YES;
				CLANG_WARN_BOOL_CONVERSION = YES;
				CLANG_WARN_COMMA = YES;
				CLANG_WARN_CONSTANT_CONVERSION = YES;
				CLANG_WARN_DEPRECATED_OBJC_IMPLEMENTATIONS = YES;
				CLANG_WARN_DIRECT_OBJC_ISA_USAGE = YES_ERROR;
				CLANG_WARN_DOCUMENTATION_COMMENTS = YES;
				CLANG_WARN_EMPTY_BODY = YES;
				CLANG_WARN_ENUM_CONVERSION = YES;
				CLANG_WARN_INFINITE_RECURSION = YES;
				CLANG_WARN_INT_CONVERSION = YES;
				CLANG_WARN_NON_LITERAL_NULL_CONVERSION = YES;
				CLANG_WARN_OBJC_IMPLICIT_RETAIN_SELF = YES;
				CLANG_WARN_OBJC_LITERAL_CONVERSION = YES;
				CLANG_WARN_OBJC_ROOT_CLASS = YES_ERROR;
				CLANG_WARN_QUOTED_INCLUDE_IN_FRAMEWORK_HEADER = YES;
				CLANG_WARN_RANGE_LOOP_ANALYSIS = YES;
				CLANG_WARN_STRICT_PROTOTYPES = YES;
				CLANG_WARN_SUSPICIOUS_MOVE = YES;
				CLANG_WARN_UNGUARDED_AVAILABILITY = YES_AGGRESSIVE;
				CLANG_WARN_UNREACHABLE_CODE = YES;
				CLANG_WARN__DUPLICATE_METHOD_MATCH = YES;
				COPY_PHASE_STRIP = NO;
				DEBUG_INFORMATION_FORMAT = "dwarf-with-dsym";
				ENABLE_NS_ASSERTIONS = NO;
				ENABLE_STRICT_OBJC_MSGSEND = YES;
				GCC_C_LANGUAGE_STANDARD = gnu11;
				GCC_NO_COMMON_BLOCKS = YES;
				GCC_WARN_64_TO_32_BIT_CONVERSION = YES;
				GCC_WARN_ABOUT_RETURN_TYPE = YES_ERROR;
				GCC_WARN_UNDECLARED_SELECTOR = YES;
				GCC_WARN_UNINITIALIZED_AUTOS = YES_AGGRESSIVE;
				GCC_WARN_UNUSED_FUNCTION = YES;
				GCC_WARN_UNUSED_VARIABLE = YES;
				IPHONEOS_DEPLOYMENT_TARGET = 16.4;
				MTL_ENABLE_DEBUG_INFO = NO;
				MTL_FAST_MATH = YES;
				SDKROOT = iphoneos;
				SWIFT_COMPILATION_MODE = wholemodule;
				SWIFT_OPTIMIZATION_LEVEL = "-O";
				VALIDATE_PRODUCT = YES;
			};
			name = Release;
		};
		9941DC2B2A93F02300215948 /* Debug */ = {
			isa = XCBuildConfiguration;
			buildSettings = {
				ASSETCATALOG_COMPILER_APPICON_NAME = AppIcon;
				ASSETCATALOG_COMPILER_GLOBAL_ACCENT_COLOR_NAME = AccentColor;
				ASSETCATALOG_COMPILER_INCLUDE_ALL_APPICON_ASSETS = NO;
				CODE_SIGN_IDENTITY = "Apple Development";
				CODE_SIGN_STYLE = Automatic;
				CURRENT_PROJECT_VERSION = 1;
				DEVELOPMENT_ASSET_PATHS = "\"JOYSTIQ/Preview Content\"";
				DEVELOPMENT_TEAM = 3CJ7U26B8W;
				ENABLE_PREVIEWS = YES;
				GENERATE_INFOPLIST_FILE = YES;
				INFOPLIST_KEY_LSApplicationCategoryType = "public.app-category.social-networking";
				INFOPLIST_KEY_UIApplicationSceneManifest_Generation = YES;
				INFOPLIST_KEY_UIApplicationSupportsIndirectInputEvents = YES;
				INFOPLIST_KEY_UILaunchScreen_Generation = YES;
				INFOPLIST_KEY_UILaunchStoryboardName = LaunchScreen.swift;
				INFOPLIST_KEY_UISupportedInterfaceOrientations = UIInterfaceOrientationPortrait;
				IPHONEOS_DEPLOYMENT_TARGET = 16.0;
				LD_RUNPATH_SEARCH_PATHS = (
					"$(inherited)",
					"@executable_path/Frameworks",
				);
				MARKETING_VERSION = 0.0.1;
				PRODUCT_BUNDLE_IDENTIFIER = gg.joystiq.JOYSTIQ;
				PRODUCT_NAME = "$(TARGET_NAME)";
				PROVISIONING_PROFILE_SPECIFIER = "";
				SWIFT_EMIT_LOC_STRINGS = YES;
				SWIFT_VERSION = 5.0;
				TARGETED_DEVICE_FAMILY = "1,2";
			};
			name = Debug;
		};
		9941DC2C2A93F02300215948 /* Release */ = {
			isa = XCBuildConfiguration;
			buildSettings = {
				ASSETCATALOG_COMPILER_APPICON_NAME = AppIcon;
				ASSETCATALOG_COMPILER_GLOBAL_ACCENT_COLOR_NAME = AccentColor;
				ASSETCATALOG_COMPILER_INCLUDE_ALL_APPICON_ASSETS = NO;
				CODE_SIGN_IDENTITY = "Apple Development";
				CODE_SIGN_STYLE = Automatic;
				CURRENT_PROJECT_VERSION = 1;
				DEVELOPMENT_ASSET_PATHS = "\"JOYSTIQ/Preview Content\"";
				DEVELOPMENT_TEAM = 3CJ7U26B8W;
				ENABLE_PREVIEWS = YES;
				GENERATE_INFOPLIST_FILE = YES;
				INFOPLIST_KEY_LSApplicationCategoryType = "public.app-category.social-networking";
				INFOPLIST_KEY_UIApplicationSceneManifest_Generation = YES;
				INFOPLIST_KEY_UIApplicationSupportsIndirectInputEvents = YES;
				INFOPLIST_KEY_UILaunchScreen_Generation = YES;
				INFOPLIST_KEY_UILaunchStoryboardName = LaunchScreen.swift;
				INFOPLIST_KEY_UISupportedInterfaceOrientations = UIInterfaceOrientationPortrait;
				IPHONEOS_DEPLOYMENT_TARGET = 16.0;
				LD_RUNPATH_SEARCH_PATHS = (
					"$(inherited)",
					"@executable_path/Frameworks",
				);
				MARKETING_VERSION = 0.0.1;
				PRODUCT_BUNDLE_IDENTIFIER = gg.joystiq.JOYSTIQ;
				PRODUCT_NAME = "$(TARGET_NAME)";
				PROVISIONING_PROFILE_SPECIFIER = "";
				SWIFT_EMIT_LOC_STRINGS = YES;
				SWIFT_VERSION = 5.0;
				TARGETED_DEVICE_FAMILY = "1,2";
			};
			name = Release;
		};
/* End XCBuildConfiguration section */

/* Begin XCConfigurationList section */
		9941DC172A93F02100215948 /* Build configuration list for PBXProject "JOYSTIQ" */ = {
			isa = XCConfigurationList;
			buildConfigurations = (
				9941DC282A93F02300215948 /* Debug */,
				9941DC292A93F02300215948 /* Release */,
			);
			defaultConfigurationIsVisible = 0;
			defaultConfigurationName = Release;
		};
		9941DC2A2A93F02300215948 /* Build configuration list for PBXNativeTarget "JOYSTIQ" */ = {
			isa = XCConfigurationList;
			buildConfigurations = (
				9941DC2B2A93F02300215948 /* Debug */,
				9941DC2C2A93F02300215948 /* Release */,
			);
			defaultConfigurationIsVisible = 0;
			defaultConfigurationName = Release;
		};
/* End XCConfigurationList section */

/* Begin XCRemoteSwiftPackageReference section */
		995085D92A95A4DD003996B6 /* XCRemoteSwiftPackageReference "amplify-swift" */ = {
			isa = XCRemoteSwiftPackageReference;
			repositoryURL = "https://github.com/aws-amplify/amplify-swift";
			requirement = {
				kind = upToNextMajorVersion;
				minimumVersion = 2.0.0;
			};
		};
/* End XCRemoteSwiftPackageReference section */

/* Begin XCSwiftPackageProductDependency section */
		995085DA2A95A4DD003996B6 /* AWSCognitoAuthPlugin */ = {
			isa = XCSwiftPackageProductDependency;
			package = 995085D92A95A4DD003996B6 /* XCRemoteSwiftPackageReference "amplify-swift" */;
			productName = AWSCognitoAuthPlugin;
		};
		995085DC2A95A4DD003996B6 /* AWSS3StoragePlugin */ = {
			isa = XCSwiftPackageProductDependency;
			package = 995085D92A95A4DD003996B6 /* XCRemoteSwiftPackageReference "amplify-swift" */;
			productName = AWSS3StoragePlugin;
		};
		995085DE2A95A4DD003996B6 /* Amplify */ = {
			isa = XCSwiftPackageProductDependency;
			package = 995085D92A95A4DD003996B6 /* XCRemoteSwiftPackageReference "amplify-swift" */;
			productName = Amplify;
		};
/* End XCSwiftPackageProductDependency section */
	};
	rootObject = 9941DC142A93F02100215948 /* Project object */;
}
